
Microsoft Visual Studio Solution File, Format Version 12.00
# Visual Studio Version 17
VisualStudioVersion = 17.1.32210.238
MinimumVisualStudioVersion = 10.0.40219.1
Project("{8BC9CEB8-8B4A-11D0-8D11-00A0C91BC942}") = "0430_1", "0430_1\0430_1.vcxproj", "{12787359-405C-4F90-B737-F5080B175908}"
EndProject
Global
	GlobalSection(SolutionConfigurationPlatforms) = preSolution
		Debug|x64 = Debug|x64
		Debug|x86 = Debug|x86
		Release|x64 = Release|x64
		Release|x86 = Release|x86
	EndGlobalSection
	GlobalSection(ProjectConfigurationPlatforms) = postSolution
		{12787359-405C-4F90-B737-F5080B175908}.Debug|x64.ActiveCfg = Debug|x64
		{12787359-405C-4F90-B737-F5080B175908}.Debug|x64.Build.0 = Debug|x64
		{12787359-405C-4F90-B737-F5080B175908}.Debug|x86.ActiveCfg = Debug|Win32
		{12787359-405C-4F90-B737-F5080B175908}.Debug|x86.Build.0 = Debug|Win32
		{12787359-405C-4F90-B737-F5080B175908}.Release|x64.ActiveCfg = Release|x64
		{12787359-405C-4F90-B737-F5080B175908}.Release|x64.Build.0 = Release|x64
		{12787359-405C-4F90-B737-F5080B175908}.Release|x86.ActiveCfg = Release|Win32
		{12787359-405C-4F90-B737-F5080B175908}.Release|x86.Build.0 = Release|Win32
	EndGlobalSection
	GlobalSection(SolutionProperties) = preSolution
		HideSolutionNode = FALSE
	EndGlobalSection
	GlobalSection(ExtensibilityGlobals) = postSolution
		SolutionGuid = {E1924564-0CD6-40C1-8795-93B75FCF9C10}
	EndGlobalSection
EndGlobal
